<?xml version="1.0" encoding="utf-8"?>
<Project ToolsVersion="4.0" xmlns="http://schemas.microsoft.com/developer/msbuild/2003">
  <ItemGroup>
    <ClInclude Include="include\cpp_data.h" />
    <ClInclude Include="include\cpp_math.h" />
    <ClInclude Include="include\cpp_meta.h" />
    <ClInclude Include="include\cpp_meta_abc.h" />
    <ClInclude Include="include\cpp_meta_move.h" />
    <ClInclude Include="include\cpp_meta_xvalue.h" />
    <ClInclude Include="include\cpp_nums.h" />
    <ClInclude Include="include\cpp_nums_uint.h" />
    <ClInclude Include="include\cpp_sync.h" />
    <ClInclude Include="include\cpp_sync_coroutines.h" />
    <ClInclude Include="include\cpp_trap.h" />
    <ClInclude Include="include\cpp_sync_rcu.h" />
    <ClInclude Include="include\lib_boost_interprocess.h" />
    <ClInclude Include="include\cpp_sync_memory_order.h" />
    <ClInclude Include="include\cpp_sync_queue.h" />
    <ClInclude Include="include\cpp_trap_shadowing.h" />
    <ClInclude Include="include\cpp_trap_decltype.h" />
    <ClInclude Include="include\cpp_trap_forward.h" />
    <ClInclude Include="include\cpp_sync_signal.h" />
    <ClInclude Include="include\cpp_data_alignment.h" />
    <ClInclude Include="include\cpp_trap_references.h" />
    <ClInclude Include="include\cpp_data_access.h" />
    <ClInclude Include="include\cpp_sync_spinlock.h" />
    <ClInclude Include="include\cpp_data_inheritance.h" />
    <ClInclude Include="include\cpp_data_inheritance_crtp.h" />
    <ClInclude Include="include\cpp_data_smart_ptr.h" />
    <ClInclude Include="include\cpp_sync_thread_local.h" />
    <ClInclude Include="include\cpp_trap_sql.h" />
    <ClInclude Include="include\cpp_meta_scope_guard.h" />
    <ClInclude Include="include\cpp_sync_exceptions.h" />
    <ClInclude Include="include\cpp_math_fibonacci.h" />
    <ClInclude Include="include\cpp_sync_task_parent_2.h" />
    <ClInclude Include="include\cpp_sync_task_parent_1.h" />
    <ClInclude Include="include\cpp_sync_task_parent_3.h" />
    <ClInclude Include="include\cpp_data_convert.h" />
    <ClInclude Include="include\cpp_data_binding.h" />
    <ClInclude Include="include\cpp_data_inheritance_is_the.h" />
    <ClInclude Include="include\test_aux.h" />
    <ClInclude Include="include\test_aux_chrono.h" />
    <ClInclude Include="include\test_quicksort.h" />
    <ClInclude Include="include\test_inheritance.h" />
    <ClInclude Include="include\cpp_sync_spsc.h" />
    <ClInclude Include="include\cpp_sync_future.h" />
    <ClInclude Include="include\cpp_meta_traits.h" />
    <ClInclude Include="include\cpp_fast.h" />
    <ClInclude Include="include\cpp_fast_lambda.h" />
    <ClInclude Include="include\cpp_fast_aliasing.h" />
    <ClInclude Include="include\cpp_fast_math.h" />
    <ClInclude Include="include\cpp_meta_auto.h" />
    <ClInclude Include="include\cpp_math_gcd_history.h" />
    <ClInclude Include="include\cpp_fast_ctor_dtor.h" />
    <ClInclude Include="cpp_algorithms\sort.h">
      <Filter>cpp_algorithms</Filter>
    </ClInclude>
    <ClInclude Include="cpp_algorithms\sort_classical.h">
      <Filter>cpp_algorithms</Filter>
    </ClInclude>
    <ClInclude Include="cpp_algorithms\sort_counting.h">
      <Filter>cpp_algorithms</Filter>
    </ClInclude>
    <ClInclude Include="cpp_algorithms\sort_heapsort.h">
      <Filter>cpp_algorithms</Filter>
    </ClInclude>
    <ClInclude Include="cpp_algorithms\sort_partial.h">
      <Filter>cpp_algorithms</Filter>
    </ClInclude>
    <ClInclude Include="cpp_algorithms\sort_quicksort.h">
      <Filter>cpp_algorithms</Filter>
    </ClInclude>
    <ClInclude Include="cpp_algorithms\sort_sleepsort.h">
      <Filter>cpp_algorithms</Filter>
    </ClInclude>
    <ClInclude Include="cpp_algorithms\sort_stable.h">
      <Filter>cpp_algorithms</Filter>
    </ClInclude>
    <ClInclude Include="cpp_algorithms\std_get_temporary_buffer.h">
      <Filter>cpp_algorithms</Filter>
    </ClInclude>
    <ClInclude Include="cpp_algorithms\std_rotate.h">
      <Filter>cpp_algorithms</Filter>
    </ClInclude>
    <ClInclude Include="cpp_algorithms\std_rotate_reverse.h">
      <Filter>cpp_algorithms</Filter>
    </ClInclude>
    <ClInclude Include="cpp_algorithms\std_stable_partition.h">
      <Filter>cpp_algorithms</Filter>
    </ClInclude>
    <ClInclude Include="aux_aux.h" />
    <ClInclude Include="aux_chrono.h" />
    <ClInclude Include="aux_element.h" />
    <ClInclude Include="aux_log.h" />
    <ClInclude Include="aux_test.h" />
    <ClInclude Include="aux_type.h" />
    <ClInclude Include="cpp_algorithms.h" />
    <ClInclude Include="cpp_optimum\copy_elision.h">
      <Filter>cpp_optimum</Filter>
    </ClInclude>
    <ClInclude Include="cpp_tricky\tricky_conversion.h">
      <Filter>cpp_tricky</Filter>
    </ClInclude>
    <ClInclude Include="cpp_tricky\tricky_initialization.h">
      <Filter>cpp_tricky</Filter>
    </ClInclude>
    <ClInclude Include="cpp_tricky\tricky_initializer_list.h">
      <Filter>cpp_tricky</Filter>
    </ClInclude>
    <ClInclude Include="cpp_tricky\tricky_integer_overflow.h">
      <Filter>cpp_tricky</Filter>
    </ClInclude>
    <ClInclude Include="cpp_optimum.h" />
    <ClInclude Include="cpp_tricky.h" />
    <ClInclude Include="cpp_algorithms\sort_introsort.h">
      <Filter>cpp_algorithms</Filter>
    </ClInclude>
    <ClInclude Include="cpp_algorithms\std.h">
      <Filter>cpp_algorithms</Filter>
    </ClInclude>
    <ClInclude Include="cpp_tricky\callables.h">
      <Filter>cpp_tricky</Filter>
    </ClInclude>
    <ClInclude Include="cpp_algorithms\string_trim.h">
      <Filter>cpp_algorithms</Filter>
    </ClInclude>
  </ItemGroup>
  <ItemGroup>
    <ClCompile Include="include\test.cpp" />
    <ClCompile Include="main.cpp" />
  </ItemGroup>
  <ItemGroup>
    <Filter Include="cpp_tricky">
      <UniqueIdentifier>{9043e21b-05b0-416f-bcb0-88d33ca81c32}</UniqueIdentifier>
    </Filter>
    <Filter Include="cpp_algorithms">
      <UniqueIdentifier>{26629ae4-ea4f-4bb7-a3f4-d5133868698f}</UniqueIdentifier>
    </Filter>
    <Filter Include="cpp_optimum">
      <UniqueIdentifier>{219c4a54-a51d-4dfe-9f5d-dd9b2739c81f}</UniqueIdentifier>
    </Filter>
  </ItemGroup>
</Project>