<?xml version="1.0" encoding="utf-8"?>
<Project ToolsVersion="4.0" xmlns="http://schemas.microsoft.com/developer/msbuild/2003">
  <ItemGroup>
    <ClInclude Include="include\aux_aux.h" />
    <ClInclude Include="include\aux_chrono.h" />
    <ClInclude Include="include\aux_log.h" />
    <ClInclude Include="include\cpp_algo.h" />
    <ClInclude Include="include\cpp_algo_rotate.h" />
    <ClInclude Include="include\cpp_data.h" />
    <ClInclude Include="include\cpp_math.h" />
    <ClInclude Include="include\cpp_meta.h" />
    <ClInclude Include="include\cpp_meta_abc.h" />
    <ClInclude Include="include\cpp_meta_move.h" />
    <ClInclude Include="include\cpp_meta_xvalue.h" />
    <ClInclude Include="include\cpp_nums.h" />
    <ClInclude Include="include\cpp_nums_uint.h" />
    <ClInclude Include="include\cpp_sort.h" />
    <ClInclude Include="include\cpp_sort_classical.h" />
    <ClInclude Include="include\cpp_sort_counting.h" />
    <ClInclude Include="include\cpp_sort_heapsort.h" />
    <ClInclude Include="include\cpp_sort_partial.h" />
    <ClInclude Include="include\cpp_sort_quicksort.h" />
    <ClInclude Include="include\cpp_sort_sleepsort.h" />
    <ClInclude Include="include\cpp_sort_stable.h" />
    <ClInclude Include="include\cpp_sync.h" />
    <ClInclude Include="include\cpp_sync_coroutines.h" />
    <ClInclude Include="include\cpp_trap.h" />
    <ClInclude Include="include\cpp_sync_rcu.h" />
    <ClInclude Include="include\lib_boost_interprocess.h" />
    <ClInclude Include="include\cpp_sync_memory_order.h" />
    <ClInclude Include="include\cpp_sync_queue.h" />
    <ClInclude Include="include\cpp_trap_shadowing.h" />
    <ClInclude Include="include\cpp_trap_decltype.h" />
    <ClInclude Include="include\cpp_trap_forward.h" />
    <ClInclude Include="include\cpp_sync_signal.h" />
    <ClInclude Include="include\cpp_data_alignment.h" />
    <ClInclude Include="include\aux_element.h" />
    <ClInclude Include="include\cpp_trap_references.h" />
    <ClInclude Include="include\cpp_data_access.h" />
    <ClInclude Include="include\cpp_sync_spinlock.h" />
    <ClInclude Include="include\cpp_data_inheritance.h" />
    <ClInclude Include="include\cpp_data_inheritance_crtp.h" />
    <ClInclude Include="include\cpp_data_smart_ptr.h" />
    <ClInclude Include="include\cpp_sync_thread_local.h" />
    <ClInclude Include="include\cpp_trap_sql.h" />
    <ClInclude Include="include\cpp_meta_scope_guard.h" />
    <ClInclude Include="include\cpp_sync_exceptions.h" />
    <ClInclude Include="include\cpp_math_fibonacci.h" />
    <ClInclude Include="include\cpp_sync_task_parent_2.h" />
    <ClInclude Include="include\cpp_sync_task_parent_1.h" />
    <ClInclude Include="include\cpp_sync_task_parent_3.h" />
    <ClInclude Include="include\cpp_data_convert.h" />
    <ClInclude Include="include\cpp_data_binding.h" />
    <ClInclude Include="include\cpp_data_inheritance_is_the.h" />
    <ClInclude Include="include\cpp_algo_stable_partition.h" />
    <ClInclude Include="include\test_aux.h" />
    <ClInclude Include="include\test_aux_chrono.h" />
    <ClInclude Include="include\test_quicksort.h" />
    <ClInclude Include="include\test_inheritance.h" />
    <ClInclude Include="include\cpp_sync_spsc.h" />
    <ClInclude Include="include\cpp_sync_future.h" />
    <ClInclude Include="include\cpp_meta_traits.h" />
  </ItemGroup>
  <ItemGroup>
    <ClCompile Include="src\main.cpp" />
    <ClCompile Include="include\test.cpp" />
  </ItemGroup>
</Project>